
Microsoft Visual Studio Solution File, Format Version 12.00
# Visual Studio Version 17
VisualStudioVersion = 17.5.33414.496
MinimumVisualStudioVersion = 10.0.40219.1
Project("{9A19103F-16F7-4668-BE54-9A1E7A4F7556}") = "RecruitmentAPI", "RecruitmentAPI.csproj", "{3C5308B4-C56C-42E1-A437-D25E02291E5A}"
EndProject
Project("{9A19103F-16F7-4668-BE54-9A1E7A4F7556}") = "MyUmbracoProject", "MyUmbracoProject\MyUmbracoProject.csproj", "{D117C054-012F-4AAC-B544-975ADB9DCA9C}"
EndProject
Project("{FAE04EC0-301F-11D3-BF4B-00C04F79EFBC}") = "RecruitmentAPI.Core", "..\RecruitmentModels\RecruitmentAPI.Core.csproj", "{60F0D840-AF72-4F27-A5A9-8F29A0CD54B9}"
EndProject
Project("{FAE04EC0-301F-11D3-BF4B-00C04F79EFBC}") = "RecruitmentAPI.BusinessLayer", "..\RecruitmentAPI.Services\RecruitmentAPI.BusinessLayer.csproj", "{73025EC6-0B1A-418C-BBE3-89F3F8AAB00B}"
EndProject
Project("{FAE04EC0-301F-11D3-BF4B-00C04F79EFBC}") = "RecruitmentAPI.DataLayer", "..\RecruitmentAPI.DataLayer\RecruitmentAPI.DataLayer.csproj", "{4C06BBFE-0BC4-4209-AFA0-35209E637E1B}"
EndProject
Global
	GlobalSection(SolutionConfigurationPlatforms) = preSolution
		Debug|Any CPU = Debug|Any CPU
		Release|Any CPU = Release|Any CPU
	EndGlobalSection
	GlobalSection(ProjectConfigurationPlatforms) = postSolution
		{3C5308B4-C56C-42E1-A437-D25E02291E5A}.Debug|Any CPU.ActiveCfg = Debug|Any CPU
		{3C5308B4-C56C-42E1-A437-D25E02291E5A}.Debug|Any CPU.Build.0 = Debug|Any CPU
		{3C5308B4-C56C-42E1-A437-D25E02291E5A}.Release|Any CPU.ActiveCfg = Release|Any CPU
		{3C5308B4-C56C-42E1-A437-D25E02291E5A}.Release|Any CPU.Build.0 = Release|Any CPU
		{D117C054-012F-4AAC-B544-975ADB9DCA9C}.Debug|Any CPU.ActiveCfg = Debug|Any CPU
		{D117C054-012F-4AAC-B544-975ADB9DCA9C}.Debug|Any CPU.Build.0 = Debug|Any CPU
		{D117C054-012F-4AAC-B544-975ADB9DCA9C}.Release|Any CPU.ActiveCfg = Release|Any CPU
		{D117C054-012F-4AAC-B544-975ADB9DCA9C}.Release|Any CPU.Build.0 = Release|Any CPU
		{60F0D840-AF72-4F27-A5A9-8F29A0CD54B9}.Debug|Any CPU.ActiveCfg = Debug|Any CPU
		{60F0D840-AF72-4F27-A5A9-8F29A0CD54B9}.Debug|Any CPU.Build.0 = Debug|Any CPU
		{60F0D840-AF72-4F27-A5A9-8F29A0CD54B9}.Release|Any CPU.ActiveCfg = Release|Any CPU
		{60F0D840-AF72-4F27-A5A9-8F29A0CD54B9}.Release|Any CPU.Build.0 = Release|Any CPU
		{73025EC6-0B1A-418C-BBE3-89F3F8AAB00B}.Debug|Any CPU.ActiveCfg = Debug|Any CPU
		{73025EC6-0B1A-418C-BBE3-89F3F8AAB00B}.Debug|Any CPU.Build.0 = Debug|Any CPU
		{73025EC6-0B1A-418C-BBE3-89F3F8AAB00B}.Release|Any CPU.ActiveCfg = Release|Any CPU
		{73025EC6-0B1A-418C-BBE3-89F3F8AAB00B}.Release|Any CPU.Build.0 = Release|Any CPU
		{4C06BBFE-0BC4-4209-AFA0-35209E637E1B}.Debug|Any CPU.ActiveCfg = Debug|Any CPU
		{4C06BBFE-0BC4-4209-AFA0-35209E637E1B}.Debug|Any CPU.Build.0 = Debug|Any CPU
		{4C06BBFE-0BC4-4209-AFA0-35209E637E1B}.Release|Any CPU.ActiveCfg = Release|Any CPU
		{4C06BBFE-0BC4-4209-AFA0-35209E637E1B}.Release|Any CPU.Build.0 = Release|Any CPU
	EndGlobalSection
	GlobalSection(SolutionProperties) = preSolution
		HideSolutionNode = FALSE
	EndGlobalSection
	GlobalSection(ExtensibilityGlobals) = postSolution
		SolutionGuid = {BEED55ED-BA1D-4E78-85C8-38C8C61EC244}
	EndGlobalSection
EndGlobal
